# This file was autogenerated by Stack.
# You should not edit this file by hand.
# For more information, please see the documentation at:
#   https://docs.haskellstack.org/en/stable/topics/lock_files

packages:
- completed:
    hackage: clash-ghc-1.8.3@sha256:9e870c7197b7d6d0be49a40cc440ddb8a42180c8f0e2fc5b4c5e29de658c40c7,9866
    pantry-tree:
      sha256: 4804fde6500cfe7f0b1276e9b4beb6f7b25b38c6f7b5b10ae84686ea45ea01ec
      size: 6782
  original:
    hackage: clash-ghc-1.8.3@sha256:9e870c7197b7d6d0be49a40cc440ddb8a42180c8f0e2fc5b4c5e29de658c40c7,9866
- completed:
    hackage: clash-lib-1.8.3@sha256:25f36c9c73b6738200c0386c54d517a45f642c7f74e6c5478065446e1c3ea56e,15721
    pantry-tree:
      sha256: 7baf4be347e5531c0ad666268f7d60ead3d6b6a4e3f102ce46dd2a18ec54f917
      size: 24084
  original:
    hackage: clash-lib-1.8.3@sha256:25f36c9c73b6738200c0386c54d517a45f642c7f74e6c5478065446e1c3ea56e,15721
snapshots:
- completed:
    sha256: 4cb7085bcc4e7d0b58a523df16a25201800a076f643445ec4f8bb78a94be652f
    size: 726109
    url: https://raw.githubusercontent.com/commercialhaskell/stackage-snapshots/master/lts/24/18.yaml
  original: lts-24.18
